// !$*UTF8*$!
{
	archiveVersion = 1;
	classes = {
	};
	objectVersion = 46;
	objects = {

/* Begin PBXBuildFile section */
		3FD100E21CA1C80D005C26C4 /* AppDelegate.swift in Sources */ = {isa = PBXBuildFile; fileRef = 3FD100E11CA1C80D005C26C4 /* AppDelegate.swift */; };
		3FD100E41CA1C80D005C26C4 /* ViewController.swift in Sources */ = {isa = PBXBuildFile; fileRef = 3FD100E31CA1C80D005C26C4 /* ViewController.swift */; };
		3FD100E71CA1C80D005C26C4 /* Main.storyboard in Resources */ = {isa = PBXBuildFile; fileRef = 3FD100E51CA1C80D005C26C4 /* Main.storyboard */; };
		3FD100EA1CA1C80D005C26C4 /* Shopper.xcdatamodeld in Sources */ = {isa = PBXBuildFile; fileRef = 3FD100E81CA1C80D005C26C4 /* Shopper.xcdatamodeld */; };
		3FD100EC1CA1C80D005C26C4 /* Assets.xcassets in Resources */ = {isa = PBXBuildFile; fileRef = 3FD100EB1CA1C80D005C26C4 /* Assets.xcassets */; };
		3FD100EF1CA1C80D005C26C4 /* LaunchScreen.storyboard in Resources */ = {isa = PBXBuildFile; fileRef = 3FD100ED1CA1C80D005C26C4 /* LaunchScreen.storyboard */; };
/* End PBXBuildFile section */

/* Begin PBXFileReference section */
		3FD100DE1CA1C80D005C26C4 /* Shopper.app */ = {isa = PBXFileReference; explicitFileType = wrapper.application; includeInIndex = 0; path = Shopper.app; sourceTree = BUILT_PRODUCTS_DIR; };
		3FD100E11CA1C80D005C26C4 /* AppDelegate.swift */ = {isa = PBXFileReference; lastKnownFileType = sourcecode.swift; path = AppDelegate.swift; sourceTree = "<group>"; };
		3FD100E31CA1C80D005C26C4 /* ViewController.swift */ = {isa = PBXFileReference; lastKnownFileType = sourcecode.swift; path = ViewController.swift; sourceTree = "<group>"; };
		3FD100E61CA1C80D005C26C4 /* Base */ = {isa = PBXFileReference; lastKnownFileType = file.storyboard; name = Base; path = Base.lproj/Main.storyboard; sourceTree = "<group>"; };
		3FD100E91CA1C80D005C26C4 /* Shopper.xcdatamodel */ = {isa = PBXFileReference; lastKnownFileType = wrapper.xcdatamodel; path = Shopper.xcdatamodel; sourceTree = "<group>"; };
		3FD100EB1CA1C80D005C26C4 /* Assets.xcassets */ = {isa = PBXFileReference; lastKnownFileType = folder.assetcatalog; path = Assets.xcassets; sourceTree = "<group>"; };
		3FD100EE1CA1C80D005C26C4 /* Base */ = {isa = PBXFileReference; lastKnownFileType = file.storyboard; name = Base; path = Base.lproj/LaunchScreen.storyboard; sourceTree = "<group>"; };
		3FD100F01CA1C80D005C26C4 /* Info.plist */ = {isa = PBXFileReference; lastKnownFileType = text.plist.xml; path = Info.plist; sourceTree = "<group>"; };
/* End PBXFileReference section */

/* Begin PBXFrameworksBuildPhase section */
		3FD100DB1CA1C80D005C26C4 /* Frameworks */ = {
			isa = PBXFrameworksBuildPhase;
			buildActionMask = 2147483647;
			files = (
			);
			runOnlyForDeploymentPostprocessing = 0;
		};
/* End PBXFrameworksBuildPhase section */

/* Begin PBXGroup section */
		3FD100D51CA1C80D005C26C4 = {
			isa = PBXGroup;
			children = (
				3FD100E01CA1C80D005C26C4 /* Shopper */,
				3FD100DF1CA1C80D005C26C4 /* Products */,
			);
			sourceTree = "<group>";
		};
		3FD100DF1CA1C80D005C26C4 /* Products */ = {
			isa = PBXGroup;
			children = (
				3FD100DE1CA1C80D005C26C4 /* Shopper.app */,
			);
			name = Products;
			sourceTree = "<group>";
		};
		3FD100E01CA1C80D005C26C4 /* Shopper */ = {
			isa = PBXGroup;
			children = (
				3FD100E11CA1C80D005C26C4 /* AppDelegate.swift */,
				3FD100E31CA1C80D005C26C4 /* ViewController.swift */,
				3FD100E51CA1C80D005C26C4 /* Main.storyboard */,
				3FD100EB1CA1C80D005C26C4 /* Assets.xcassets */,
				3FD100ED1CA1C80D005C26C4 /* LaunchScreen.storyboard */,
				3FD100F01CA1C80D005C26C4 /* Info.plist */,
				3FD100E81CA1C80D005C26C4 /* Shopper.xcdatamodeld */,
			);
			path = Shopper;
			sourceTree = "<group>";
		};
/* End PBXGroup section */

/* Begin PBXNativeTarget section */
		3FD100DD1CA1C80D005C26C4 /* Shopper */ = {
			isa = PBXNativeTarget;
			buildConfigurationList = 3FD100F31CA1C80D005C26C4 /* Build configuration list for PBXNativeTarget "Shopper" */;
			buildPhases = (
				3FD100DA1CA1C80D005C26C4 /* Sources */,
				3FD100DB1CA1C80D005C26C4 /* Frameworks */,
				3FD100DC1CA1C80D005C26C4 /* Resources */,
			);
			buildRules = (
			);
			dependencies = (
			);
			name = Shopper;
			productName = Shopper;
			productReference = 3FD100DE1CA1C80D005C26C4 /* Shopper.app */;
			productType = "com.apple.product-type.application";
		};
/* End PBXNativeTarget section */

/* Begin PBXProject section */
		3FD100D61CA1C80D005C26C4 /* Project object */ = {
			isa = PBXProject;
			attributes = {
				LastSwiftUpdateCheck = 0720;
				LastUpgradeCheck = 0720;
				ORGANIZATIONNAME = student;
				TargetAttributes = {
					3FD100DD1CA1C80D005C26C4 = {
						CreatedOnToolsVersion = 7.2.1;
					};
				};
			};
			buildConfigurationList = 3FD100D91CA1C80D005C26C4 /* Build configuration list for PBXProject "Shopper" */;
			compatibilityVersion = "Xcode 3.2";
			developmentRegion = English;
			hasScannedForEncodings = 0;
			knownRegions = (
				en,
				Base,
			);
			mainGroup = 3FD100D51CA1C80D005C26C4;
			productRefGroup = 3FD100DF1CA1C80D005C26C4 /* Products */;
			projectDirPath = "";
			projectRoot = "";
			targets = (
				3FD100DD1CA1C80D005C26C4 /* Shopper */,
			);
		};
/* End PBXProject section */

/* Begin PBXResourcesBuildPhase section */
		3FD100DC1CA1C80D005C26C4 /* Resources */ = {
			isa = PBXResourcesBuildPhase;
			buildActionMask = 2147483647;
			files = (
				3FD100EF1CA1C80D005C26C4 /* LaunchScreen.storyboard in Resources */,
				3FD100EC1CA1C80D005C26C4 /* Assets.xcassets in Resources */,
				3FD100E71CA1C80D005C26C4 /* Main.storyboard in Resources */,
			);
			runOnlyForDeploymentPostprocessing = 0;
		};
/* End PBXResourcesBuildPhase section */

/* Begin PBXSourcesBuildPhase section */
		3FD100DA1CA1C80D005C26C4 /* Sources */ = {
			isa = PBXSourcesBuildPhase;
			buildActionMask = 2147483647;
			files = (
				3FD100E41CA1C80D005C26C4 /* ViewController.swift in Sources */,
				3FD100E21CA1C80D005C26C4 /* AppDelegate.swift in Sources */,
				3FD100EA1CA1C80D005C26C4 /* Shopper.xcdatamodeld in Sources */,
			);
			runOnlyForDeploymentPostprocessing = 0;
		};
/* End PBXSourcesBuildPhase section */

/* Begin PBXVariantGroup section */
		3FD100E51CA1C80D005C26C4 /* Main.storyboard */ = {
			isa = PBXVariantGroup;
			children = (
				3FD100E61CA1C80D005C26C4 /* Base */,
			);
			name = Main.storyboard;
			sourceTree = "<group>";
		};
		3FD100ED1CA1C80D005C26C4 /* LaunchScreen.storyboard */ = {
			isa = PBXVariantGroup;
			children = (
				3FD100EE1CA1C80D005C26C4 /* Base */,
			);
			name = LaunchScreen.storyboard;
			sourceTree = "<group>";
		};
/* End PBXVariantGroup section */

/* Begin XCBuildConfiguration section */
		3FD100F11CA1C80D005C26C4 /* Debug */ = {
			isa = XCBuildConfiguration;
			buildSettings = {
				ALWAYS_SEARCH_USER_PATHS = NO;
				CLANG_CXX_LANGUAGE_STANDARD = "gnu++0x";
				CLANG_CXX_LIBRARY = "libc++";
				CLANG_ENABLE_MODULES = YES;
				CLANG_ENABLE_OBJC_ARC = YES;
				CLANG_WARN_BOOL_CONVERSION = YES;
				CLANG_WARN_CONSTANT_CONVERSION = YES;
				CLANG_WARN_DIRECT_OBJC_ISA_USAGE = YES_ERROR;
				CLANG_WARN_EMPTY_BODY = YES;
				CLANG_WARN_ENUM_CONVERSION = YES;
				CLANG_WARN_INT_CONVERSION = YES;
				CLANG_WARN_OBJC_ROOT_CLASS = YES_ERROR;
				CLANG_WARN_UNREACHABLE_CODE = YES;
				CLANG_WARN__DUPLICATE_METHOD_MATCH = YES;
				"CODE_SIGN_IDENTITY[sdk=iphoneos*]" = "iPhone Developer";
				COPY_PHASE_STRIP = NO;
				DEBUG_INFORMATION_FORMAT = dwarf;
				ENABLE_STRICT_OBJC_MSGSEND = YES;
				ENABLE_TESTABILITY = YES;
				GCC_C_LANGUAGE_STANDARD = gnu99;
				GCC_DYNAMIC_NO_PIC = NO;
				GCC_NO_COMMON_BLOCKS = YES;
				GCC_OPTIMIZATION_LEVEL = 0;
				GCC_PREPROCESSOR_DEFINITIONS = (
					"DEBUG=1",
					"$(inherited)",
				);
				GCC_WARN_64_TO_32_BIT_CONVERSION = YES;
				GCC_WARN_ABOUT_RETURN_TYPE = YES_ERROR;
				GCC_WARN_UNDECLARED_SELECTOR = YES;
				GCC_WARN_UNINITIALIZED_AUTOS = YES_AGGRESSIVE;
				GCC_WARN_UNUSED_FUNCTION = YES;
				GCC_WARN_UNUSED_VARIABLE = YES;
				IPHONEOS_DEPLOYMENT_TARGET = 9.2;
				MTL_ENABLE_DEBUG_INFO = YES;
				ONLY_ACTIVE_ARCH = YES;
				SDKROOT = iphoneos;
				SWIFT_OPTIMIZATION_LEVEL = "-Onone";
			};
			name = Debug;
		};
		3FD100F21CA1C80D005C26C4 /* Release */ = {
			isa = XCBuildConfiguration;
			buildSettings = {
				ALWAYS_SEARCH_USER_PATHS = NO;
				CLANG_CXX_LANGUAGE_STANDARD = "gnu++0x";
				CLANG_CXX_LIBRARY = "libc++";
				CLANG_ENABLE_MODULES = YES;
				CLANG_ENABLE_OBJC_ARC = YES;
				CLANG_WARN_BOOL_CONVERSION = YES;
				CLANG_WARN_CONSTANT_CONVERSION = YES;
				CLANG_WARN_DIRECT_OBJC_ISA_USAGE = YES_ERROR;
				CLANG_WARN_EMPTY_BODY = YES;
				CLANG_WARN_ENUM_CONVERSION = YES;
				CLANG_WARN_INT_CONVERSION = YES;
				CLANG_WARN_OBJC_ROOT_CLASS = YES_ERROR;
				CLANG_WARN_UNREACHABLE_CODE = YES;
				CLANG_WARN__DUPLICATE_METHOD_MATCH = YES;
				"CODE_SIGN_IDENTITY[sdk=iphoneos*]" = "iPhone Developer";
				COPY_PHASE_STRIP = NO;
				DEBUG_INFORMATION_FORMAT = "dwarf-with-dsym";
				ENABLE_NS_ASSERTIONS = NO;
				ENABLE_STRICT_OBJC_MSGSEND = YES;
				GCC_C_LANGUAGE_STANDARD = gnu99;
				GCC_NO_COMMON_BLOCKS = YES;
				GCC_WARN_64_TO_32_BIT_CONVERSION = YES;
				GCC_WARN_ABOUT_RETURN_TYPE = YES_ERROR;
				GCC_WARN_UNDECLARED_SELECTOR = YES;
				GCC_WARN_UNINITIALIZED_AUTOS = YES_AGGRESSIVE;
				GCC_WARN_UNUSED_FUNCTION = YES;
				GCC_WARN_UNUSED_VARIABLE = YES;
				IPHONEOS_DEPLOYMENT_TARGET = 9.2;
				MTL_ENABLE_DEBUG_INFO = NO;
				SDKROOT = iphoneos;
				VALIDATE_PRODUCT = YES;
			};
			name = Release;
		};
		3FD100F41CA1C80D005C26C4 /* Debug */ = {
			isa = XCBuildConfiguration;
			buildSettings = {
				ASSETCATALOG_COMPILER_APPICON_NAME = AppIcon;
				INFOPLIST_FILE = Shopper/Info.plist;
				LD_RUNPATH_SEARCH_PATHS = "$(inherited) @executable_path/Frameworks";
				PRODUCT_BUNDLE_IDENTIFIER = mir.Shopper;
				PRODUCT_NAME = "$(TARGET_NAME)";
			};
			name = Debug;
		};
		3FD100F51CA1C80D005C26C4 /* Release */ = {
			isa = XCBuildConfiguration;
			buildSettings = {
				ASSETCATALOG_COMPILER_APPICON_NAME = AppIcon;
				INFOPLIST_FILE = Shopper/Info.plist;
				LD_RUNPATH_SEARCH_PATHS = "$(inherited) @executable_path/Frameworks";
				PRODUCT_BUNDLE_IDENTIFIER = mir.Shopper;
				PRODUCT_NAME = "$(TARGET_NAME)";
			};
			name = Release;
		};
/* End XCBuildConfiguration section */

/* Begin XCConfigurationList section */
		3FD100D91CA1C80D005C26C4 /* Build configuration list for PBXProject "Shopper" */ = {
			isa = XCConfigurationList;
			buildConfigurations = (
				3FD100F11CA1C80D005C26C4 /* Debug */,
				3FD100F21CA1C80D005C26C4 /* Release */,
			);
			defaultConfigurationIsVisible = 0;
			defaultConfigurationName = Release;
		};
		3FD100F31CA1C80D005C26C4 /* Build configuration list for PBXNativeTarget "Shopper" */ = {
			isa = XCConfigurationList;
			buildConfigurations = (
				3FD100F41CA1C80D005C26C4 /* Debug */,
				3FD100F51CA1C80D005C26C4 /* Release */,
			);
			defaultConfigurationIsVisible = 0;
		};
/* End XCConfigurationList section */

/* Begin XCVersionGroup section */
		3FD100E81CA1C80D005C26C4 /* Shopper.xcdatamodeld */ = {
			isa = XCVersionGroup;
			children = (
				3FD100E91CA1C80D005C26C4 /* Shopper.xcdatamodel */,
			);
			currentVersion = 3FD100E91CA1C80D005C26C4 /* Shopper.xcdatamodel */;
			path = Shopper.xcdatamodeld;
			sourceTree = "<group>";
			versionGroupType = wrapper.xcdatamodel;
		};
/* End XCVersionGroup section */
	};
	rootObject = 3FD100D61CA1C80D005C26C4 /* Project object */;
}
